// !$*UTF8*$!
{
	archiveVersion = 1;
	classes = {
	};
	objectVersion = 51;
	objects = {

/* Begin PBXBuildFile section */
		074C1B45DC525AB7F73AA573 /* Pods_gitKuTests.framework in Frameworks */ = {isa = PBXBuildFile; fileRef = B25F3D2BA5EB431112209487 /* Pods_gitKuTests.framework */; };
		65BBD83DD9AA7915773B7A71 /* Pods_gitKu.framework in Frameworks */ = {isa = PBXBuildFile; fileRef = 33A256F2A584F8E8DC8FBEEE /* Pods_gitKu.framework */; };
		98B156DAB5578A5868541037 /* Pods_gitKuUITests.framework in Frameworks */ = {isa = PBXBuildFile; fileRef = 82FC21D0CD6E664B9C3E6633 /* Pods_gitKuUITests.framework */; };
		AF696DA4230EA5AF00603F24 /* AppDelegate.m in Sources */ = {isa = PBXBuildFile; fileRef = AF696DA3230EA5AF00603F24 /* AppDelegate.m */; };
		AF696DA7230EA5AF00603F24 /* ViewController.m in Sources */ = {isa = PBXBuildFile; fileRef = AF696DA6230EA5AF00603F24 /* ViewController.m */; };
		AF696DAA230EA5AF00603F24 /* Main.storyboard in Resources */ = {isa = PBXBuildFile; fileRef = AF696DA8230EA5AF00603F24 /* Main.storyboard */; };
		AF696DAC230EA5B100603F24 /* Assets.xcassets in Resources */ = {isa = PBXBuildFile; fileRef = AF696DAB230EA5B100603F24 /* Assets.xcassets */; };
		AF696DAF230EA5B100603F24 /* LaunchScreen.storyboard in Resources */ = {isa = PBXBuildFile; fileRef = AF696DAD230EA5B100603F24 /* LaunchScreen.storyboard */; };
		AF696DB2230EA5B100603F24 /* main.m in Sources */ = {isa = PBXBuildFile; fileRef = AF696DB1230EA5B100603F24 /* main.m */; };
		AF696DBC230EA5B100603F24 /* gitKuTests.m in Sources */ = {isa = PBXBuildFile; fileRef = AF696DBB230EA5B100603F24 /* gitKuTests.m */; };
		AF696DC7230EA5B100603F24 /* gitKuUITests.m in Sources */ = {isa = PBXBuildFile; fileRef = AF696DC6230EA5B100603F24 /* gitKuUITests.m */; };
		AF696DD7230F952100603F24 /* Pi.m in Sources */ = {isa = PBXBuildFile; fileRef = AF696DD6230F952100603F24 /* Pi.m */; };
/* End PBXBuildFile section */

/* Begin PBXContainerItemProxy section */
		AF696DB8230EA5B100603F24 /* PBXContainerItemProxy */ = {
			isa = PBXContainerItemProxy;
			containerPortal = AF696D97230EA5AF00603F24 /* Project object */;
			proxyType = 1;
			remoteGlobalIDString = AF696D9E230EA5AF00603F24;
			remoteInfo = gitKu;
		};
		AF696DC3230EA5B100603F24 /* PBXContainerItemProxy */ = {
			isa = PBXContainerItemProxy;
			containerPortal = AF696D97230EA5AF00603F24 /* Project object */;
			proxyType = 1;
			remoteGlobalIDString = AF696D9E230EA5AF00603F24;
			remoteInfo = gitKu;
		};
/* End PBXContainerItemProxy section */

/* Begin PBXFileReference section */
		2AFD831F650181EEE7AECAAB /* Pods-gitKuUITests.release.xcconfig */ = {isa = PBXFileReference; includeInIndex = 1; lastKnownFileType = text.xcconfig; name = "Pods-gitKuUITests.release.xcconfig"; path = "Target Support Files/Pods-gitKuUITests/Pods-gitKuUITests.release.xcconfig"; sourceTree = "<group>"; };
		33A256F2A584F8E8DC8FBEEE /* Pods_gitKu.framework */ = {isa = PBXFileReference; explicitFileType = wrapper.framework; includeInIndex = 0; path = Pods_gitKu.framework; sourceTree = BUILT_PRODUCTS_DIR; };
		3AE16D7E9B2FB13256014C36 /* Pods-gitKuUITests.debug.xcconfig */ = {isa = PBXFileReference; includeInIndex = 1; lastKnownFileType = text.xcconfig; name = "Pods-gitKuUITests.debug.xcconfig"; path = "Target Support Files/Pods-gitKuUITests/Pods-gitKuUITests.debug.xcconfig"; sourceTree = "<group>"; };
		6783BDEB91A884E2900F6CBF /* Pods-gitKu.release.xcconfig */ = {isa = PBXFileReference; includeInIndex = 1; lastKnownFileType = text.xcconfig; name = "Pods-gitKu.release.xcconfig"; path = "Target Support Files/Pods-gitKu/Pods-gitKu.release.xcconfig"; sourceTree = "<group>"; };
		70A243CA425ADD360FE4F143 /* Pods-gitKuTests.debug.xcconfig */ = {isa = PBXFileReference; includeInIndex = 1; lastKnownFileType = text.xcconfig; name = "Pods-gitKuTests.debug.xcconfig"; path = "Target Support Files/Pods-gitKuTests/Pods-gitKuTests.debug.xcconfig"; sourceTree = "<group>"; };
		7CC8C802BABE1E957EE61691 /* Pods-gitKuTests.release.xcconfig */ = {isa = PBXFileReference; includeInIndex = 1; lastKnownFileType = text.xcconfig; name = "Pods-gitKuTests.release.xcconfig"; path = "Target Support Files/Pods-gitKuTests/Pods-gitKuTests.release.xcconfig"; sourceTree = "<group>"; };
		82FC21D0CD6E664B9C3E6633 /* Pods_gitKuUITests.framework */ = {isa = PBXFileReference; explicitFileType = wrapper.framework; includeInIndex = 0; path = Pods_gitKuUITests.framework; sourceTree = BUILT_PRODUCTS_DIR; };
		AF696D9F230EA5AF00603F24 /* gitKu.app */ = {isa = PBXFileReference; explicitFileType = wrapper.application; includeInIndex = 0; path = gitKu.app; sourceTree = BUILT_PRODUCTS_DIR; };
		AF696DA2230EA5AF00603F24 /* AppDelegate.h */ = {isa = PBXFileReference; lastKnownFileType = sourcecode.c.h; path = AppDelegate.h; sourceTree = "<group>"; };
		AF696DA3230EA5AF00603F24 /* AppDelegate.m */ = {isa = PBXFileReference; lastKnownFileType = sourcecode.c.objc; path = AppDelegate.m; sourceTree = "<group>"; };
		AF696DA5230EA5AF00603F24 /* ViewController.h */ = {isa = PBXFileReference; lastKnownFileType = sourcecode.c.h; path = ViewController.h; sourceTree = "<group>"; };
		AF696DA6230EA5AF00603F24 /* ViewController.m */ = {isa = PBXFileReference; lastKnownFileType = sourcecode.c.objc; path = ViewController.m; sourceTree = "<group>"; };
		AF696DA9230EA5AF00603F24 /* Base */ = {isa = PBXFileReference; lastKnownFileType = file.storyboard; name = Base; path = Base.lproj/Main.storyboard; sourceTree = "<group>"; };
		AF696DAB230EA5B100603F24 /* Assets.xcassets */ = {isa = PBXFileReference; lastKnownFileType = folder.assetcatalog; path = Assets.xcassets; sourceTree = "<group>"; };
		AF696DAE230EA5B100603F24 /* Base */ = {isa = PBXFileReference; lastKnownFileType = file.storyboard; name = Base; path = Base.lproj/LaunchScreen.storyboard; sourceTree = "<group>"; };
		AF696DB0230EA5B100603F24 /* Info.plist */ = {isa = PBXFileReference; lastKnownFileType = text.plist.xml; path = Info.plist; sourceTree = "<group>"; };
		AF696DB1230EA5B100603F24 /* main.m */ = {isa = PBXFileReference; lastKnownFileType = sourcecode.c.objc; path = main.m; sourceTree = "<group>"; };
		AF696DB7230EA5B100603F24 /* gitKuTests.xctest */ = {isa = PBXFileReference; explicitFileType = wrapper.cfbundle; includeInIndex = 0; path = gitKuTests.xctest; sourceTree = BUILT_PRODUCTS_DIR; };
		AF696DBB230EA5B100603F24 /* gitKuTests.m */ = {isa = PBXFileReference; lastKnownFileType = sourcecode.c.objc; path = gitKuTests.m; sourceTree = "<group>"; };
		AF696DBD230EA5B100603F24 /* Info.plist */ = {isa = PBXFileReference; lastKnownFileType = text.plist.xml; path = Info.plist; sourceTree = "<group>"; };
		AF696DC2230EA5B100603F24 /* gitKuUITests.xctest */ = {isa = PBXFileReference; explicitFileType = wrapper.cfbundle; includeInIndex = 0; path = gitKuUITests.xctest; sourceTree = BUILT_PRODUCTS_DIR; };
		AF696DC6230EA5B100603F24 /* gitKuUITests.m */ = {isa = PBXFileReference; lastKnownFileType = sourcecode.c.objc; path = gitKuUITests.m; sourceTree = "<group>"; };
		AF696DC8230EA5B100603F24 /* Info.plist */ = {isa = PBXFileReference; lastKnownFileType = text.plist.xml; path = Info.plist; sourceTree = "<group>"; };
		AF696DD5230F952100603F24 /* Pi.h */ = {isa = PBXFileReference; lastKnownFileType = sourcecode.c.h; path = Pi.h; sourceTree = "<group>"; };
		AF696DD6230F952100603F24 /* Pi.m */ = {isa = PBXFileReference; lastKnownFileType = sourcecode.c.objc; path = Pi.m; sourceTree = "<group>"; };
		B25F3D2BA5EB431112209487 /* Pods_gitKuTests.framework */ = {isa = PBXFileReference; explicitFileType = wrapper.framework; includeInIndex = 0; path = Pods_gitKuTests.framework; sourceTree = BUILT_PRODUCTS_DIR; };
		CB86AFE08EA236F94A8CD713 /* Pods-gitKu.debug.xcconfig */ = {isa = PBXFileReference; includeInIndex = 1; lastKnownFileType = text.xcconfig; name = "Pods-gitKu.debug.xcconfig"; path = "Target Support Files/Pods-gitKu/Pods-gitKu.debug.xcconfig"; sourceTree = "<group>"; };
/* End PBXFileReference section */

/* Begin PBXFrameworksBuildPhase section */
		AF696D9C230EA5AF00603F24 /* Frameworks */ = {
			isa = PBXFrameworksBuildPhase;
			buildActionMask = 2147483647;
			files = (
				65BBD83DD9AA7915773B7A71 /* Pods_gitKu.framework in Frameworks */,
			);
			runOnlyForDeploymentPostprocessing = 0;
		};
		AF696DB4230EA5B100603F24 /* Frameworks */ = {
			isa = PBXFrameworksBuildPhase;
			buildActionMask = 2147483647;
			files = (
				074C1B45DC525AB7F73AA573 /* Pods_gitKuTests.framework in Frameworks */,
			);
			runOnlyForDeploymentPostprocessing = 0;
		};
		AF696DBF230EA5B100603F24 /* Frameworks */ = {
			isa = PBXFrameworksBuildPhase;
			buildActionMask = 2147483647;
			files = (
				98B156DAB5578A5868541037 /* Pods_gitKuUITests.framework in Frameworks */,
			);
			runOnlyForDeploymentPostprocessing = 0;
		};
/* End PBXFrameworksBuildPhase section */

/* Begin PBXGroup section */
		AF696D96230EA5AF00603F24 = {
			isa = PBXGroup;
			children = (
				AF696DA1230EA5AF00603F24 /* gitKu */,
				AF696DBA230EA5B100603F24 /* gitKuTests */,
				AF696DC5230EA5B100603F24 /* gitKuUITests */,
				AF696DA0230EA5AF00603F24 /* Products */,
				CB117AF9262E2D87CF35908B /* Pods */,
				F338DD5DE319A07D7EA3FFF0 /* Frameworks */,
			);
			sourceTree = "<group>";
		};
		AF696DA0230EA5AF00603F24 /* Products */ = {
			isa = PBXGroup;
			children = (
				AF696D9F230EA5AF00603F24 /* gitKu.app */,
				AF696DB7230EA5B100603F24 /* gitKuTests.xctest */,
				AF696DC2230EA5B100603F24 /* gitKuUITests.xctest */,
			);
			name = Products;
			sourceTree = "<group>";
		};
		AF696DA1230EA5AF00603F24 /* gitKu */ = {
			isa = PBXGroup;
			children = (
				AF696DD4230F951400603F24 /* WXTool */,
				AF696DA2230EA5AF00603F24 /* AppDelegate.h */,
				AF696DA3230EA5AF00603F24 /* AppDelegate.m */,
				AF696DA5230EA5AF00603F24 /* ViewController.h */,
				AF696DA6230EA5AF00603F24 /* ViewController.m */,
				AF696DA8230EA5AF00603F24 /* Main.storyboard */,
				AF696DAB230EA5B100603F24 /* Assets.xcassets */,
				AF696DAD230EA5B100603F24 /* LaunchScreen.storyboard */,
				AF696DB0230EA5B100603F24 /* Info.plist */,
				AF696DB1230EA5B100603F24 /* main.m */,
			);
			path = gitKu;
			sourceTree = "<group>";
		};
		AF696DBA230EA5B100603F24 /* gitKuTests */ = {
			isa = PBXGroup;
			children = (
				AF696DBB230EA5B100603F24 /* gitKuTests.m */,
				AF696DBD230EA5B100603F24 /* Info.plist */,
			);
			path = gitKuTests;
			sourceTree = "<group>";
		};
		AF696DC5230EA5B100603F24 /* gitKuUITests */ = {
			isa = PBXGroup;
			children = (
				AF696DC6230EA5B100603F24 /* gitKuUITests.m */,
				AF696DC8230EA5B100603F24 /* Info.plist */,
			);
			path = gitKuUITests;
			sourceTree = "<group>";
		};
		AF696DD4230F951400603F24 /* WXTool */ = {
			isa = PBXGroup;
			children = (
				AF696DD5230F952100603F24 /* Pi.h */,
				AF696DD6230F952100603F24 /* Pi.m */,
			);
			path = WXTool;
			sourceTree = "<group>";
		};
		CB117AF9262E2D87CF35908B /* Pods */ = {
			isa = PBXGroup;
			children = (
				CB86AFE08EA236F94A8CD713 /* Pods-gitKu.debug.xcconfig */,
				6783BDEB91A884E2900F6CBF /* Pods-gitKu.release.xcconfig */,
				70A243CA425ADD360FE4F143 /* Pods-gitKuTests.debug.xcconfig */,
				7CC8C802BABE1E957EE61691 /* Pods-gitKuTests.release.xcconfig */,
				3AE16D7E9B2FB13256014C36 /* Pods-gitKuUITests.debug.xcconfig */,
				2AFD831F650181EEE7AECAAB /* Pods-gitKuUITests.release.xcconfig */,
			);
			path = Pods;
			sourceTree = "<group>";
		};
		F338DD5DE319A07D7EA3FFF0 /* Frameworks */ = {
			isa = PBXGroup;
			children = (
				33A256F2A584F8E8DC8FBEEE /* Pods_gitKu.framework */,
				B25F3D2BA5EB431112209487 /* Pods_gitKuTests.framework */,
				82FC21D0CD6E664B9C3E6633 /* Pods_gitKuUITests.framework */,
			);
			name = Frameworks;
			sourceTree = "<group>";
		};
/* End PBXGroup section */

/* Begin PBXNativeTarget section */
		AF696D9E230EA5AF00603F24 /* gitKu */ = {
			isa = PBXNativeTarget;
			buildConfigurationList = AF696DCB230EA5B100603F24 /* Build configuration list for PBXNativeTarget "gitKu" */;
			buildPhases = (
				8C56627BA1CFEB0888F0D4DC /* [CP] Check Pods Manifest.lock */,
				AF696D9B230EA5AF00603F24 /* Sources */,
				AF696D9C230EA5AF00603F24 /* Frameworks */,
				AF696D9D230EA5AF00603F24 /* Resources */,
				D5B03AB1E6DC6CD1F19B7C39 /* [CP] Embed Pods Frameworks */,
			);
			buildRules = (
			);
			dependencies = (
			);
			name = gitKu;
			productName = gitKu;
			productReference = AF696D9F230EA5AF00603F24 /* gitKu.app */;
			productType = "com.apple.product-type.application";
		};
		AF696DB6230EA5B100603F24 /* gitKuTests */ = {
			isa = PBXNativeTarget;
			buildConfigurationList = AF696DCE230EA5B100603F24 /* Build configuration list for PBXNativeTarget "gitKuTests" */;
			buildPhases = (
				54FEBDCFD0FA55D511290D1F /* [CP] Check Pods Manifest.lock */,
				AF696DB3230EA5B100603F24 /* Sources */,
				AF696DB4230EA5B100603F24 /* Frameworks */,
				AF696DB5230EA5B100603F24 /* Resources */,
			);
			buildRules = (
			);
			dependencies = (
				AF696DB9230EA5B100603F24 /* PBXTargetDependency */,
			);
			name = gitKuTests;
			productName = gitKuTests;
			productReference = AF696DB7230EA5B100603F24 /* gitKuTests.xctest */;
			productType = "com.apple.product-type.bundle.unit-test";
		};
		AF696DC1230EA5B100603F24 /* gitKuUITests */ = {
			isa = PBXNativeTarget;
			buildConfigurationList = AF696DD1230EA5B100603F24 /* Build configuration list for PBXNativeTarget "gitKuUITests" */;
			buildPhases = (
				99219A7349EDA54EE7374433 /* [CP] Check Pods Manifest.lock */,
				AF696DBE230EA5B100603F24 /* Sources */,
				AF696DBF230EA5B100603F24 /* Frameworks */,
				AF696DC0230EA5B100603F24 /* Resources */,
			);
			buildRules = (
			);
			dependencies = (
				AF696DC4230EA5B100603F24 /* PBXTargetDependency */,
			);
			name = gitKuUITests;
			productName = gitKuUITests;
			productReference = AF696DC2230EA5B100603F24 /* gitKuUITests.xctest */;
			productType = "com.apple.product-type.bundle.ui-testing";
		};
/* End PBXNativeTarget section */

/* Begin PBXProject section */
		AF696D97230EA5AF00603F24 /* Project object */ = {
			isa = PBXProject;
			attributes = {
				LastUpgradeCheck = 1030;
				ORGANIZATIONNAME = wangxinxu;
				TargetAttributes = {
					AF696D9E230EA5AF00603F24 = {
						CreatedOnToolsVersion = 10.3;
					};
					AF696DB6230EA5B100603F24 = {
						CreatedOnToolsVersion = 10.3;
						TestTargetID = AF696D9E230EA5AF00603F24;
					};
					AF696DC1230EA5B100603F24 = {
						CreatedOnToolsVersion = 10.3;
						TestTargetID = AF696D9E230EA5AF00603F24;
					};
				};
			};
			buildConfigurationList = AF696D9A230EA5AF00603F24 /* Build configuration list for PBXProject "gitKu" */;
			compatibilityVersion = "Xcode 9.3";
			developmentRegion = en;
			hasScannedForEncodings = 0;
			knownRegions = (
				en,
				Base,
			);
			mainGroup = AF696D96230EA5AF00603F24;
			productRefGroup = AF696DA0230EA5AF00603F24 /* Products */;
			projectDirPath = "";
			projectRoot = "";
			targets = (
				AF696D9E230EA5AF00603F24 /* gitKu */,
				AF696DB6230EA5B100603F24 /* gitKuTests */,
				AF696DC1230EA5B100603F24 /* gitKuUITests */,
			);
		};
/* End PBXProject section */

/* Begin PBXResourcesBuildPhase section */
		AF696D9D230EA5AF00603F24 /* Resources */ = {
			isa = PBXResourcesBuildPhase;
			buildActionMask = 2147483647;
			files = (
				AF696DAF230EA5B100603F24 /* LaunchScreen.storyboard in Resources */,
				AF696DAC230EA5B100603F24 /* Assets.xcassets in Resources */,
				AF696DAA230EA5AF00603F24 /* Main.storyboard in Resources */,
			);
			runOnlyForDeploymentPostprocessing = 0;
		};
		AF696DB5230EA5B100603F24 /* Resources */ = {
			isa = PBXResourcesBuildPhase;
			buildActionMask = 2147483647;
			files = (
			);
			runOnlyForDeploymentPostprocessing = 0;
		};
		AF696DC0230EA5B100603F24 /* Resources */ = {
			isa = PBXResourcesBuildPhase;
			buildActionMask = 2147483647;
			files = (
			);
			runOnlyForDeploymentPostprocessing = 0;
		};
/* End PBXResourcesBuildPhase section */

/* Begin PBXShellScriptBuildPhase section */
		54FEBDCFD0FA55D511290D1F /* [CP] Check Pods Manifest.lock */ = {
			isa = PBXShellScriptBuildPhase;
			buildActionMask = 2147483647;
			files = (
			);
			inputFileListPaths = (
			);
			inputPaths = (
				"${PODS_PODFILE_DIR_PATH}/Podfile.lock",
				"${PODS_ROOT}/Manifest.lock",
			);
			name = "[CP] Check Pods Manifest.lock";
			outputFileListPaths = (
			);
			outputPaths = (
				"$(DERIVED_FILE_DIR)/Pods-gitKuTests-checkManifestLockResult.txt",
			);
			runOnlyForDeploymentPostprocessing = 0;
			shellPath = /bin/sh;
			shellScript = "diff \"${PODS_PODFILE_DIR_PATH}/Podfile.lock\" \"${PODS_ROOT}/Manifest.lock\" > /dev/null\nif [ $? != 0 ] ; then\n    # print error to STDERR\n    echo \"error: The sandbox is not in sync with the Podfile.lock. Run 'pod install' or update your CocoaPods installation.\" >&2\n    exit 1\nfi\n# This output is used by Xcode 'outputs' to avoid re-running this script phase.\necho \"SUCCESS\" > \"${SCRIPT_OUTPUT_FILE_0}\"\n";
			showEnvVarsInLog = 0;
		};
		8C56627BA1CFEB0888F0D4DC /* [CP] Check Pods Manifest.lock */ = {
			isa = PBXShellScriptBuildPhase;
			buildActionMask = 2147483647;
			files = (
			);
			inputFileListPaths = (
			);
			inputPaths = (
				"${PODS_PODFILE_DIR_PATH}/Podfile.lock",
				"${PODS_ROOT}/Manifest.lock",
			);
			name = "[CP] Check Pods Manifest.lock";
			outputFileListPaths = (
			);
			outputPaths = (
				"$(DERIVED_FILE_DIR)/Pods-gitKu-checkManifestLockResult.txt",
			);
			runOnlyForDeploymentPostprocessing = 0;
			shellPath = /bin/sh;
			shellScript = "diff \"${PODS_PODFILE_DIR_PATH}/Podfile.lock\" \"${PODS_ROOT}/Manifest.lock\" > /dev/null\nif [ $? != 0 ] ; then\n    # print error to STDERR\n    echo \"error: The sandbox is not in sync with the Podfile.lock. Run 'pod install' or update your CocoaPods installation.\" >&2\n    exit 1\nfi\n# This output is used by Xcode 'outputs' to avoid re-running this script phase.\necho \"SUCCESS\" > \"${SCRIPT_OUTPUT_FILE_0}\"\n";
			showEnvVarsInLog = 0;
		};
		99219A7349EDA54EE7374433 /* [CP] Check Pods Manifest.lock */ = {
			isa = PBXShellScriptBuildPhase;
			buildActionMask = 2147483647;
			files = (
			);
			inputFileListPaths = (
			);
			inputPaths = (
				"${PODS_PODFILE_DIR_PATH}/Podfile.lock",
				"${PODS_ROOT}/Manifest.lock",
			);
			name = "[CP] Check Pods Manifest.lock";
			outputFileListPaths = (
			);
			outputPaths = (
				"$(DERIVED_FILE_DIR)/Pods-gitKuUITests-checkManifestLockResult.txt",
			);
			runOnlyForDeploymentPostprocessing = 0;
			shellPath = /bin/sh;
			shellScript = "diff \"${PODS_PODFILE_DIR_PATH}/Podfile.lock\" \"${PODS_ROOT}/Manifest.lock\" > /dev/null\nif [ $? != 0 ] ; then\n    # print error to STDERR\n    echo \"error: The sandbox is not in sync with the Podfile.lock. Run 'pod install' or update your CocoaPods installation.\" >&2\n    exit 1\nfi\n# This output is used by Xcode 'outputs' to avoid re-running this script phase.\necho \"SUCCESS\" > \"${SCRIPT_OUTPUT_FILE_0}\"\n";
			showEnvVarsInLog = 0;
		};
		D5B03AB1E6DC6CD1F19B7C39 /* [CP] Embed Pods Frameworks */ = {
			isa = PBXShellScriptBuildPhase;
			buildActionMask = 2147483647;
			files = (
			);
			inputFileListPaths = (
				"${PODS_ROOT}/Target Support Files/Pods-gitKu/Pods-gitKu-frameworks-${CONFIGURATION}-input-files.xcfilelist",
			);
			name = "[CP] Embed Pods Frameworks";
			outputFileListPaths = (
				"${PODS_ROOT}/Target Support Files/Pods-gitKu/Pods-gitKu-frameworks-${CONFIGURATION}-output-files.xcfilelist",
			);
			runOnlyForDeploymentPostprocessing = 0;
			shellPath = /bin/sh;
			shellScript = "\"${PODS_ROOT}/Target Support Files/Pods-gitKu/Pods-gitKu-frameworks.sh\"\n";
			showEnvVarsInLog = 0;
		};
/* End PBXShellScriptBuildPhase section */

/* Begin PBXSourcesBuildPhase section */
		AF696D9B230EA5AF00603F24 /* Sources */ = {
			isa = PBXSourcesBuildPhase;
			buildActionMask = 2147483647;
			files = (
				AF696DD7230F952100603F24 /* Pi.m in Sources */,
				AF696DA7230EA5AF00603F24 /* ViewController.m in Sources */,
				AF696DB2230EA5B100603F24 /* main.m in Sources */,
				AF696DA4230EA5AF00603F24 /* AppDelegate.m in Sources */,
			);
			runOnlyForDeploymentPostprocessing = 0;
		};
		AF696DB3230EA5B100603F24 /* Sources */ = {
			isa = PBXSourcesBuildPhase;
			buildActionMask = 2147483647;
			files = (
				AF696DBC230EA5B100603F24 /* gitKuTests.m in Sources */,
			);
			runOnlyForDeploymentPostprocessing = 0;
		};
		AF696DBE230EA5B100603F24 /* Sources */ = {
			isa = PBXSourcesBuildPhase;
			buildActionMask = 2147483647;
			files = (
				AF696DC7230EA5B100603F24 /* gitKuUITests.m in Sources */,
			);
			runOnlyForDeploymentPostprocessing = 0;
		};
/* End PBXSourcesBuildPhase section */

/* Begin PBXTargetDependency section */
		AF696DB9230EA5B100603F24 /* PBXTargetDependency */ = {
			isa = PBXTargetDependency;
			target = AF696D9E230EA5AF00603F24 /* gitKu */;
			targetProxy = AF696DB8230EA5B100603F24 /* PBXContainerItemProxy */;
		};
		AF696DC4230EA5B100603F24 /* PBXTargetDependency */ = {
			isa = PBXTargetDependency;
			target = AF696D9E230EA5AF00603F24 /* gitKu */;
			targetProxy = AF696DC3230EA5B100603F24 /* PBXContainerItemProxy */;
		};
/* End PBXTargetDependency section */

/* Begin PBXVariantGroup section */
		AF696DA8230EA5AF00603F24 /* Main.storyboard */ = {
			isa = PBXVariantGroup;
			children = (
				AF696DA9230EA5AF00603F24 /* Base */,
			);
			name = Main.storyboard;
			sourceTree = "<group>";
		};
		AF696DAD230EA5B100603F24 /* LaunchScreen.storyboard */ = {
			isa = PBXVariantGroup;
			children = (
				AF696DAE230EA5B100603F24 /* Base */,
			);
			name = LaunchScreen.storyboard;
			sourceTree = "<group>";
		};
/* End PBXVariantGroup section */

/* Begin XCBuildConfiguration section */
		AF696DC9230EA5B100603F24 /* Debug */ = {
			isa = XCBuildConfiguration;
			buildSettings = {
				ALWAYS_SEARCH_USER_PATHS = NO;
				CLANG_ANALYZER_NONNULL = YES;
				CLANG_ANALYZER_NUMBER_OBJECT_CONVERSION = YES_AGGRESSIVE;
				CLANG_CXX_LANGUAGE_STANDARD = "gnu++14";
				CLANG_CXX_LIBRARY = "libc++";
				CLANG_ENABLE_MODULES = YES;
				CLANG_ENABLE_OBJC_ARC = YES;
				CLANG_ENABLE_OBJC_WEAK = YES;
				CLANG_WARN_BLOCK_CAPTURE_AUTORELEASING = YES;
				CLANG_WARN_BOOL_CONVERSION = YES;
				CLANG_WARN_COMMA = YES;
				CLANG_WARN_CONSTANT_CONVERSION = YES;
				CLANG_WARN_DEPRECATED_OBJC_IMPLEMENTATIONS = YES;
				CLANG_WARN_DIRECT_OBJC_ISA_USAGE = YES_ERROR;
				CLANG_WARN_DOCUMENTATION_COMMENTS = YES;
				CLANG_WARN_EMPTY_BODY = YES;
				CLANG_WARN_ENUM_CONVERSION = YES;
				CLANG_WARN_INFINITE_RECURSION = YES;
				CLANG_WARN_INT_CONVERSION = YES;
				CLANG_WARN_NON_LITERAL_NULL_CONVERSION = YES;
				CLANG_WARN_OBJC_IMPLICIT_RETAIN_SELF = YES;
				CLANG_WARN_OBJC_LITERAL_CONVERSION = YES;
				CLANG_WARN_OBJC_ROOT_CLASS = YES_ERROR;
				CLANG_WARN_RANGE_LOOP_ANALYSIS = YES;
				CLANG_WARN_STRICT_PROTOTYPES = YES;
				CLANG_WARN_SUSPICIOUS_MOVE = YES;
				CLANG_WARN_UNGUARDED_AVAILABILITY = YES_AGGRESSIVE;
				CLANG_WARN_UNREACHABLE_CODE = YES;
				CLANG_WARN__DUPLICATE_METHOD_MATCH = YES;
				CODE_SIGN_IDENTITY = "iPhone Developer";
				COPY_PHASE_STRIP = NO;
				DEBUG_INFORMATION_FORMAT = dwarf;
				ENABLE_STRICT_OBJC_MSGSEND = YES;
				ENABLE_TESTABILITY = YES;
				GCC_C_LANGUAGE_STANDARD = gnu11;
				GCC_DYNAMIC_NO_PIC = NO;
				GCC_NO_COMMON_BLOCKS = YES;
				GCC_OPTIMIZATION_LEVEL = 0;
				GCC_PREPROCESSOR_DEFINITIONS = (
					"DEBUG=1",
					"$(inherited)",
				);
				GCC_WARN_64_TO_32_BIT_CONVERSION = YES;
				GCC_WARN_ABOUT_RETURN_TYPE = YES_ERROR;
				GCC_WARN_UNDECLARED_SELECTOR = YES;
				GCC_WARN_UNINITIALIZED_AUTOS = YES_AGGRESSIVE;
				GCC_WARN_UNUSED_FUNCTION = YES;
				GCC_WARN_UNUSED_VARIABLE = YES;
				IPHONEOS_DEPLOYMENT_TARGET = 12.4;
				MTL_ENABLE_DEBUG_INFO = INCLUDE_SOURCE;
				MTL_FAST_MATH = YES;
				ONLY_ACTIVE_ARCH = YES;
				SDKROOT = iphoneos;
			};
			name = Debug;
		};
		AF696DCA230EA5B100603F24 /* Release */ = {
			isa = XCBuildConfiguration;
			buildSettings = {
				ALWAYS_SEARCH_USER_PATHS = NO;
				CLANG_ANALYZER_NONNULL = YES;
				CLANG_ANALYZER_NUMBER_OBJECT_CONVERSION = YES_AGGRESSIVE;
				CLANG_CXX_LANGUAGE_STANDARD = "gnu++14";
				CLANG_CXX_LIBRARY = "libc++";
				CLANG_ENABLE_MODULES = YES;
				CLANG_ENABLE_OBJC_ARC = YES;
				CLANG_ENABLE_OBJC_WEAK = YES;
				CLANG_WARN_BLOCK_CAPTURE_AUTORELEASING = YES;
				CLANG_WARN_BOOL_CONVERSION = YES;
				CLANG_WARN_COMMA = YES;
				CLANG_WARN_CONSTANT_CONVERSION = YES;
				CLANG_WARN_DEPRECATED_OBJC_IMPLEMENTATIONS = YES;
				CLANG_WARN_DIRECT_OBJC_ISA_USAGE = YES_ERROR;
				CLANG_WARN_DOCUMENTATION_COMMENTS = YES;
				CLANG_WARN_EMPTY_BODY = YES;
				CLANG_WARN_ENUM_CONVERSION = YES;
				CLANG_WARN_INFINITE_RECURSION = YES;
				CLANG_WARN_INT_CONVERSION = YES;
				CLANG_WARN_NON_LITERAL_NULL_CONVERSION = YES;
				CLANG_WARN_OBJC_IMPLICIT_RETAIN_SELF = YES;
				CLANG_WARN_OBJC_LITERAL_CONVERSION = YES;
				CLANG_WARN_OBJC_ROOT_CLASS = YES_ERROR;
				CLANG_WARN_RANGE_LOOP_ANALYSIS = YES;
				CLANG_WARN_STRICT_PROTOTYPES = YES;
				CLANG_WARN_SUSPICIOUS_MOVE = YES;
				CLANG_WARN_UNGUARDED_AVAILABILITY = YES_AGGRESSIVE;
				CLANG_WARN_UNREACHABLE_CODE = YES;
				CLANG_WARN__DUPLICATE_METHOD_MATCH = YES;
				CODE_SIGN_IDENTITY = "iPhone Developer";
				COPY_PHASE_STRIP = NO;
				DEBUG_INFORMATION_FORMAT = "dwarf-with-dsym";
				ENABLE_NS_ASSERTIONS = NO;
				ENABLE_STRICT_OBJC_MSGSEND = YES;
				GCC_C_LANGUAGE_STANDARD = gnu11;
				GCC_NO_COMMON_BLOCKS = YES;
				GCC_WARN_64_TO_32_BIT_CONVERSION = YES;
				GCC_WARN_ABOUT_RETURN_TYPE = YES_ERROR;
				GCC_WARN_UNDECLARED_SELECTOR = YES;
				GCC_WARN_UNINITIALIZED_AUTOS = YES_AGGRESSIVE;
				GCC_WARN_UNUSED_FUNCTION = YES;
				GCC_WARN_UNUSED_VARIABLE = YES;
				IPHONEOS_DEPLOYMENT_TARGET = 12.4;
				MTL_ENABLE_DEBUG_INFO = NO;
				MTL_FAST_MATH = YES;
				SDKROOT = iphoneos;
				VALIDATE_PRODUCT = YES;
			};
			name = Release;
		};
		AF696DCC230EA5B100603F24 /* Debug */ = {
			isa = XCBuildConfiguration;
			baseConfigurationReference = CB86AFE08EA236F94A8CD713 /* Pods-gitKu.debug.xcconfig */;
			buildSettings = {
				ASSETCATALOG_COMPILER_APPICON_NAME = AppIcon;
				CODE_SIGN_STYLE = Automatic;
				INFOPLIST_FILE = gitKu/Info.plist;
				LD_RUNPATH_SEARCH_PATHS = (
					"$(inherited)",
					"@executable_path/Frameworks",
				);
				PRODUCT_BUNDLE_IDENTIFIER = "-.gitKu";
				PRODUCT_NAME = "$(TARGET_NAME)";
				TARGETED_DEVICE_FAMILY = "1,2";
			};
			name = Debug;
		};
		AF696DCD230EA5B100603F24 /* Release */ = {
			isa = XCBuildConfiguration;
			baseConfigurationReference = 6783BDEB91A884E2900F6CBF /* Pods-gitKu.release.xcconfig */;
			buildSettings = {
				ASSETCATALOG_COMPILER_APPICON_NAME = AppIcon;
				CODE_SIGN_STYLE = Automatic;
				INFOPLIST_FILE = gitKu/Info.plist;
				LD_RUNPATH_SEARCH_PATHS = (
					"$(inherited)",
					"@executable_path/Frameworks",
				);
				PRODUCT_BUNDLE_IDENTIFIER = "-.gitKu";
				PRODUCT_NAME = "$(TARGET_NAME)";
				TARGETED_DEVICE_FAMILY = "1,2";
			};
			name = Release;
		};
		AF696DCF230EA5B100603F24 /* Debug */ = {
			isa = XCBuildConfiguration;
			baseConfigurationReference = 70A243CA425ADD360FE4F143 /* Pods-gitKuTests.debug.xcconfig */;
			buildSettings = {
				BUNDLE_LOADER = "$(TEST_HOST)";
				CODE_SIGN_STYLE = Automatic;
				INFOPLIST_FILE = gitKuTests/Info.plist;
				LD_RUNPATH_SEARCH_PATHS = (
					"$(inherited)",
					"@executable_path/Frameworks",
					"@loader_path/Frameworks",
				);
				PRODUCT_BUNDLE_IDENTIFIER = "-.gitKuTests";
				PRODUCT_NAME = "$(TARGET_NAME)";
				TARGETED_DEVICE_FAMILY = "1,2";
				TEST_HOST = "$(BUILT_PRODUCTS_DIR)/gitKu.app/gitKu";
			};
			name = Debug;
		};
		AF696DD0230EA5B100603F24 /* Release */ = {
			isa = XCBuildConfiguration;
			baseConfigurationReference = 7CC8C802BABE1E957EE61691 /* Pods-gitKuTests.release.xcconfig */;
			buildSettings = {
				BUNDLE_LOADER = "$(TEST_HOST)";
				CODE_SIGN_STYLE = Automatic;
				INFOPLIST_FILE = gitKuTests/Info.plist;
				LD_RUNPATH_SEARCH_PATHS = (
					"$(inherited)",
					"@executable_path/Frameworks",
					"@loader_path/Frameworks",
				);
				PRODUCT_BUNDLE_IDENTIFIER = "-.gitKuTests";
				PRODUCT_NAME = "$(TARGET_NAME)";
				TARGETED_DEVICE_FAMILY = "1,2";
				TEST_HOST = "$(BUILT_PRODUCTS_DIR)/gitKu.app/gitKu";
			};
			name = Release;
		};
		AF696DD2230EA5B100603F24 /* Debug */ = {
			isa = XCBuildConfiguration;
			baseConfigurationReference = 3AE16D7E9B2FB13256014C36 /* Pods-gitKuUITests.debug.xcconfig */;
			buildSettings = {
				CODE_SIGN_STYLE = Automatic;
				INFOPLIST_FILE = gitKuUITests/Info.plist;
				LD_RUNPATH_SEARCH_PATHS = (
					"$(inherited)",
					"@executable_path/Frameworks",
					"@loader_path/Frameworks",
				);
				PRODUCT_BUNDLE_IDENTIFIER = "-.gitKuUITests";
				PRODUCT_NAME = "$(TARGET_NAME)";
				TARGETED_DEVICE_FAMILY = "1,2";
				TEST_TARGET_NAME = gitKu;
			};
			name = Debug;
		};
		AF696DD3230EA5B100603F24 /* Release */ = {
			isa = XCBuildConfiguration;
			baseConfigurationReference = 2AFD831F650181EEE7AECAAB /* Pods-gitKuUITests.release.xcconfig */;
			buildSettings = {
				CODE_SIGN_STYLE = Automatic;
				INFOPLIST_FILE = gitKuUITests/Info.plist;
				LD_RUNPATH_SEARCH_PATHS = (
					"$(inherited)",
					"@executable_path/Frameworks",
					"@loader_path/Frameworks",
				);
				PRODUCT_BUNDLE_IDENTIFIER = "-.gitKuUITests";
				PRODUCT_NAME = "$(TARGET_NAME)";
				TARGETED_DEVICE_FAMILY = "1,2";
				TEST_TARGET_NAME = gitKu;
			};
			name = Release;
		};
/* End XCBuildConfiguration section */

/* Begin XCConfigurationList section */
		AF696D9A230EA5AF00603F24 /* Build configuration list for PBXProject "gitKu" */ = {
			isa = XCConfigurationList;
			buildConfigurations = (
				AF696DC9230EA5B100603F24 /* Debug */,
				AF696DCA230EA5B100603F24 /* Release */,
			);
			defaultConfigurationIsVisible = 0;
			defaultConfigurationName = Release;
		};
		AF696DCB230EA5B100603F24 /* Build configuration list for PBXNativeTarget "gitKu" */ = {
			isa = XCConfigurationList;
			buildConfigurations = (
				AF696DCC230EA5B100603F24 /* Debug */,
				AF696DCD230EA5B100603F24 /* Release */,
			);
			defaultConfigurationIsVisible = 0;
			defaultConfigurationName = Release;
		};
		AF696DCE230EA5B100603F24 /* Build configuration list for PBXNativeTarget "gitKuTests" */ = {
			isa = XCConfigurationList;
			buildConfigurations = (
				AF696DCF230EA5B100603F24 /* Debug */,
				AF696DD0230EA5B100603F24 /* Release */,
			);
			defaultConfigurationIsVisible = 0;
			defaultConfigurationName = Release;
		};
		AF696DD1230EA5B100603F24 /* Build configuration list for PBXNativeTarget "gitKuUITests" */ = {
			isa = XCConfigurationList;
			buildConfigurations = (
				AF696DD2230EA5B100603F24 /* Debug */,
				AF696DD3230EA5B100603F24 /* Release */,
			);
			defaultConfigurationIsVisible = 0;
			defaultConfigurationName = Release;
		};
/* End XCConfigurationList section */
	};
	rootObject = AF696D97230EA5AF00603F24 /* Project object */;
}
